
Microsoft Visual Studio Solution File, Format Version 12.00
# Visual Studio Version 17
VisualStudioVersion = 17.7.34221.43
MinimumVisualStudioVersion = 10.0.40219.1
Project("{9A19103F-16F7-4668-BE54-9A1E7A4F7556}") = "RTFFingerPrint_WebAPI", "RTFFingerPrint_WebAPI\RTFFingerPrint_WebAPI.csproj", "{757B7672-5AC5-49E9-9CD9-70425482FBF4}"
EndProject
Project("{9A19103F-16F7-4668-BE54-9A1E7A4F7556}") = "Shared", "Shared\Shared.csproj", "{43320397-796D-4F04-BD2F-E076BC016E88}"
EndProject
Project("{FAE04EC0-301F-11D3-BF4B-00C04F79EFBC}") = "UI.Console", "UI.Console\UI.Console.csproj", "{A00484E3-E16D-45CC-83E3-23235083A62F}"
EndProject
Project("{FAE04EC0-301F-11D3-BF4B-00C04F79EFBC}") = "UI.Console2", "UI.Console2\UI.Console2.csproj", "{312A1F6E-B6BF-4204-944C-CCB83A4F82F3}"
EndProject
Global
	GlobalSection(SolutionConfigurationPlatforms) = preSolution
		Debug|Any CPU = Debug|Any CPU
		Release|Any CPU = Release|Any CPU
	EndGlobalSection
	GlobalSection(ProjectConfigurationPlatforms) = postSolution
		{757B7672-5AC5-49E9-9CD9-70425482FBF4}.Debug|Any CPU.ActiveCfg = Debug|Any CPU
		{757B7672-5AC5-49E9-9CD9-70425482FBF4}.Debug|Any CPU.Build.0 = Debug|Any CPU
		{757B7672-5AC5-49E9-9CD9-70425482FBF4}.Release|Any CPU.ActiveCfg = Release|Any CPU
		{757B7672-5AC5-49E9-9CD9-70425482FBF4}.Release|Any CPU.Build.0 = Release|Any CPU
		{43320397-796D-4F04-BD2F-E076BC016E88}.Debug|Any CPU.ActiveCfg = Debug|Any CPU
		{43320397-796D-4F04-BD2F-E076BC016E88}.Debug|Any CPU.Build.0 = Debug|Any CPU
		{43320397-796D-4F04-BD2F-E076BC016E88}.Release|Any CPU.ActiveCfg = Release|Any CPU
		{43320397-796D-4F04-BD2F-E076BC016E88}.Release|Any CPU.Build.0 = Release|Any CPU
		{A00484E3-E16D-45CC-83E3-23235083A62F}.Debug|Any CPU.ActiveCfg = Debug|Any CPU
		{A00484E3-E16D-45CC-83E3-23235083A62F}.Debug|Any CPU.Build.0 = Debug|Any CPU
		{A00484E3-E16D-45CC-83E3-23235083A62F}.Release|Any CPU.ActiveCfg = Release|Any CPU
		{A00484E3-E16D-45CC-83E3-23235083A62F}.Release|Any CPU.Build.0 = Release|Any CPU
		{312A1F6E-B6BF-4204-944C-CCB83A4F82F3}.Debug|Any CPU.ActiveCfg = Debug|Any CPU
		{312A1F6E-B6BF-4204-944C-CCB83A4F82F3}.Debug|Any CPU.Build.0 = Debug|Any CPU
		{312A1F6E-B6BF-4204-944C-CCB83A4F82F3}.Release|Any CPU.ActiveCfg = Release|Any CPU
		{312A1F6E-B6BF-4204-944C-CCB83A4F82F3}.Release|Any CPU.Build.0 = Release|Any CPU
	EndGlobalSection
	GlobalSection(SolutionProperties) = preSolution
		HideSolutionNode = FALSE
	EndGlobalSection
	GlobalSection(ExtensibilityGlobals) = postSolution
		SolutionGuid = {7D6E116A-5349-4CDD-B440-5CC202C6B47E}
	EndGlobalSection
EndGlobal
